{
  "version": "5",
  "specifiers": {
    "npm:graphql@17.0.2": "17.0.2"
  },
  "npm": {
    "graphql@17.0.2": {
      "integrity": "sha512-FRWbddMxfkjiB7z+aQDWIR+E34xo9I8c9mtK2RPv8PmMzKRvrdsreHL/Ui/TmwHJfhHChEtsFPyMHKI+xuarQQ=="
    }
  },
  "workspace": {
    "packageJson": {
      "dependencies": [
        "npm:graphql@17.0.2"
      ]
    }
  }
}
