{
  "version": "5",
  "specifiers": {
    "npm:smol-toml@1.9.0": "1.9.0"
  },
  "npm": {
    "smol-toml@1.9.0": {
      "integrity": "sha512-hpd+HLON7HdZXqYchMM/+LaTTbdK0AU3NngIJ4KVyWbY9bfQqdL9cD+4yf6dUoU2Ap4VsU0JkQi6FxAI1B2mXQ=="
    }
  },
  "workspace": {
    "packageJson": {
      "dependencies": [
        "npm:smol-toml@1.9.0"
      ]
    }
  }
}
